
Microsoft Visual Studio Solution File, Format Version 12.00
# Visual Studio 15
VisualStudioVersion = 15.0.26730.16
MinimumVisualStudioVersion = 10.0.40219.1
Project("{FAE04EC0-301F-11D3-BF4B-00C04F79EFBC}") = "BackwardsReadPrimes", "BackwardsReadPrimes\BackwardsReadPrimes.csproj", "{794CC3A7-11EC-45E5-BDC6-8A1DC47B7CAE}"
EndProject
Global
	GlobalSection(SolutionConfigurationPlatforms) = preSolution
		Debug|Any CPU = Debug|Any CPU
		Release|Any CPU = Release|Any CPU
	EndGlobalSection
	GlobalSection(ProjectConfigurationPlatforms) = postSolution
		{794CC3A7-11EC-45E5-BDC6-8A1DC47B7CAE}.Debug|Any CPU.ActiveCfg = Debug|Any CPU
		{794CC3A7-11EC-45E5-BDC6-8A1DC47B7CAE}.Debug|Any CPU.Build.0 = Debug|Any CPU
		{794CC3A7-11EC-45E5-BDC6-8A1DC47B7CAE}.Release|Any CPU.ActiveCfg = Release|Any CPU
		{794CC3A7-11EC-45E5-BDC6-8A1DC47B7CAE}.Release|Any CPU.Build.0 = Release|Any CPU
	EndGlobalSection
	GlobalSection(SolutionProperties) = preSolution
		HideSolutionNode = FALSE
	EndGlobalSection
	GlobalSection(ExtensibilityGlobals) = postSolution
		SolutionGuid = {E2E72C3F-20C1-4F82-9491-082F6BF3D713}
	EndGlobalSection
EndGlobal
